
Microsoft Visual Studio Solution File, Format Version 12.00
# Visual Studio 2012
Project("{FAE04EC0-301F-11D3-BF4B-00C04F79EFBC}") = "ClassLibrary", "ClassLibrary\ClassLibrary.csproj", "{3A498467-AA9A-4723-8452-13340E6B92CD}"
EndProject
Project("{FAE04EC0-301F-11D3-BF4B-00C04F79EFBC}") = "UserInterface", "UserInterface\UserInterface.csproj", "{20E819C8-F82D-4023-848D-9024FF8D9130}"
EndProject
Project("{FAE04EC0-301F-11D3-BF4B-00C04F79EFBC}") = "T035", "T035\T035.csproj", "{0EFBA3F4-6ADA-4A71-86FB-C316A2578F7A}"
EndProject
Global
	GlobalSection(SolutionConfigurationPlatforms) = preSolution
		Debug|Any CPU = Debug|Any CPU
		Release|Any CPU = Release|Any CPU
	EndGlobalSection
	GlobalSection(ProjectConfigurationPlatforms) = postSolution
		{3A498467-AA9A-4723-8452-13340E6B92CD}.Debug|Any CPU.ActiveCfg = Debug|Any CPU
		{3A498467-AA9A-4723-8452-13340E6B92CD}.Debug|Any CPU.Build.0 = Debug|Any CPU
		{3A498467-AA9A-4723-8452-13340E6B92CD}.Release|Any CPU.ActiveCfg = Release|Any CPU
		{3A498467-AA9A-4723-8452-13340E6B92CD}.Release|Any CPU.Build.0 = Release|Any CPU
		{20E819C8-F82D-4023-848D-9024FF8D9130}.Debug|Any CPU.ActiveCfg = Debug|Any CPU
		{20E819C8-F82D-4023-848D-9024FF8D9130}.Debug|Any CPU.Build.0 = Debug|Any CPU
		{20E819C8-F82D-4023-848D-9024FF8D9130}.Release|Any CPU.ActiveCfg = Release|Any CPU
		{20E819C8-F82D-4023-848D-9024FF8D9130}.Release|Any CPU.Build.0 = Release|Any CPU
		{0EFBA3F4-6ADA-4A71-86FB-C316A2578F7A}.Debug|Any CPU.ActiveCfg = Debug|Any CPU
		{0EFBA3F4-6ADA-4A71-86FB-C316A2578F7A}.Debug|Any CPU.Build.0 = Debug|Any CPU
		{0EFBA3F4-6ADA-4A71-86FB-C316A2578F7A}.Release|Any CPU.ActiveCfg = Release|Any CPU
		{0EFBA3F4-6ADA-4A71-86FB-C316A2578F7A}.Release|Any CPU.Build.0 = Release|Any CPU
	EndGlobalSection
	GlobalSection(SolutionProperties) = preSolution
		HideSolutionNode = FALSE
	EndGlobalSection
EndGlobal
